Microsoft Visual Studio Solution File, Format Version 12.00
# Visual Studio Version 17
VisualStudioVersion = 17.5.2.0
MinimumVisualStudioVersion = 10.0.40219.1
Project("{FAE04EC0-301F-11D3-BF4B-00C04F79EFBC}") = "sorter", "sorter\sorter.csproj", "{B01980E0-4A3C-4B55-3766-2899412207E8}"
EndProject
Global
	GlobalSection(SolutionConfigurationPlatforms) = preSolution
		Debug|Any CPU = Debug|Any CPU
		Release|Any CPU = Release|Any CPU
	EndGlobalSection
	GlobalSection(ProjectConfigurationPlatforms) = postSolution
		{B01980E0-4A3C-4B55-3766-2899412207E8}.Debug|Any CPU.ActiveCfg = Debug|Any CPU
		{B01980E0-4A3C-4B55-3766-2899412207E8}.Debug|Any CPU.Build.0 = Debug|Any CPU
		{B01980E0-4A3C-4B55-3766-2899412207E8}.Release|Any CPU.ActiveCfg = Release|Any CPU
		{B01980E0-4A3C-4B55-3766-2899412207E8}.Release|Any CPU.Build.0 = Release|Any CPU
	EndGlobalSection
	GlobalSection(SolutionProperties) = preSolution
		HideSolutionNode = FALSE
	EndGlobalSection
	GlobalSection(ExtensibilityGlobals) = postSolution
		SolutionGuid = {079475CF-E27A-41A0-A8DE-6B1AE6F1AB95}
	EndGlobalSection
EndGlobal
